{
  ".claude/HARNESS.md": {
    ".claude/agents/librarian.md": "4b8c643b0a364fd5",
    ".claude/agents/reviewer-correctness.md": "dfa12aa581b45c70",
    ".claude/agents/reviewer-design.md": "e33457cee19285cc",
    ".claude/agents/reviewer-taste.md": "bbd3d37bc5429b0a",
    ".claude/skills/workflow/SKILL.md": "9ccee0cf7ad97c31",
    "doc": "cda0191d4b72a232",
    "scripts/brief.sh": "58d710492c34dda3",
    "scripts/context.py": "586af6d85e348ae7",
    "scripts/opencode-agents.py": "5e28af95787ef261",
    "scripts/review.sh": "ea8cc2b58b043be0",
    "scripts/verify.sh": "0f8dfc7567660e4e"
  },
  ".claude/skills/agentic-review/SKILL.md": {
    ".claude/agents/reviewer-correctness.md": "dfa12aa581b45c70",
    ".claude/agents/reviewer-taste.md": "bbd3d37bc5429b0a",
    "doc": "fedbbebd7a396a8e",
    "scripts/review.sh": "ea8cc2b58b043be0"
  },
  ".claude/skills/handoff/SKILL.md": {
    "doc": "0bc0322a612df8fc",
    "scripts/brief.sh": "58d710492c34dda3"
  },
  ".claude/skills/workflow/SKILL.md": {
    "doc": "9ccee0cf7ad97c31",
    "\u2026": ""
  },
  "AGENTS.md": {
    "doc": "6e5e357daf432411",
    "scripts/brief.sh": "58d710492c34dda3",
    "scripts/review.sh": "ea8cc2b58b043be0",
    "scripts/verify.sh": "0f8dfc7567660e4e"
  },
  "CLAUDE.md": {
    "Package.swift": "20d33a734529f8d8",
    "doc": "f3f442501b16645b"
  }
}
