{
  ".claude/HARNESS.md": {
    ".claude/agents/librarian.md": "4b8c643b0a364fd5",
    ".claude/agents/reviewer-correctness.md": "dfa12aa581b45c70",
    ".claude/agents/reviewer-design.md": "e33457cee19285cc",
    ".claude/agents/reviewer-taste.md": "cfed7953d377c3bc",
    ".claude/skills/workflow/SKILL.md": "04b12f89702a42bc",
    "doc": "95103ee2509b42c5",
    "scripts/brief.sh": "58d710492c34dda3",
    "scripts/context.py": "c3486d569b2de5e0",
    "scripts/opencode-agents.py": "5e28af95787ef261",
    "scripts/review.sh": "ea8cc2b58b043be0",
    "scripts/verify.sh": "0f8dfc7567660e4e"
  },
  ".claude/skills/agentic-review/SKILL.md": {
    ".claude/agents/reviewer-correctness.md": "dfa12aa581b45c70",
    ".claude/agents/reviewer-taste.md": "cfed7953d377c3bc",
    "doc": "906416b793a59091",
    "scripts/review.sh": "ea8cc2b58b043be0"
  },
  ".claude/skills/handoff/SKILL.md": {
    "doc": "0bc0322a612df8fc",
    "scripts/brief.sh": "58d710492c34dda3"
  },
  ".claude/skills/workflow/SKILL.md": {
    "doc": "04b12f89702a42bc",
    "\u2026": ""
  },
  "AGENTS.md": {
    "doc": "7b7cc0366c75521d",
    "scripts/brief.sh": "58d710492c34dda3",
    "scripts/review.sh": "ea8cc2b58b043be0",
    "scripts/verify.sh": "0f8dfc7567660e4e"
  },
  "CLAUDE.md": {
    "Package.swift": "f6dc26098d25ca1e",
    "doc": "286b049fa6af4f6d"
  }
}
